
Microsoft Visual Studio Solution File, Format Version 12.00
# Visual Studio Version 17
VisualStudioVersion = 17.7.34003.232
MinimumVisualStudioVersion = 10.0.40219.1
Project("{9A19103F-16F7-4668-BE54-9A1E7A4F7556}") = "B1SLayer", "B1SLayer\B1SLayer.csproj", "{47FDED3E-3365-478D-8EB4-5D4E636A7A05}"
EndProject
Project("{FAE04EC0-301F-11D3-BF4B-00C04F79EFBC}") = "B1SLayer.Tests", "B1SLayer.Test\B1SLayer.Test.csproj", "{C191C3CE-E24B-4D93-A37C-FB4E2ECFD268}"
EndProject
Global
	GlobalSection(SolutionConfigurationPlatforms) = preSolution
		Debug|Any CPU = Debug|Any CPU
		Release|Any CPU = Release|Any CPU
	EndGlobalSection
	GlobalSection(ProjectConfigurationPlatforms) = postSolution
		{47FDED3E-3365-478D-8EB4-5D4E636A7A05}.Debug|Any CPU.ActiveCfg = Debug|Any CPU
		{47FDED3E-3365-478D-8EB4-5D4E636A7A05}.Debug|Any CPU.Build.0 = Debug|Any CPU
		{47FDED3E-3365-478D-8EB4-5D4E636A7A05}.Release|Any CPU.ActiveCfg = Release|Any CPU
		{47FDED3E-3365-478D-8EB4-5D4E636A7A05}.Release|Any CPU.Build.0 = Release|Any CPU
		{C191C3CE-E24B-4D93-A37C-FB4E2ECFD268}.Debug|Any CPU.ActiveCfg = Debug|Any CPU
		{C191C3CE-E24B-4D93-A37C-FB4E2ECFD268}.Debug|Any CPU.Build.0 = Debug|Any CPU
		{C191C3CE-E24B-4D93-A37C-FB4E2ECFD268}.Release|Any CPU.ActiveCfg = Release|Any CPU
		{C191C3CE-E24B-4D93-A37C-FB4E2ECFD268}.Release|Any CPU.Build.0 = Release|Any CPU
	EndGlobalSection
	GlobalSection(SolutionProperties) = preSolution
		HideSolutionNode = FALSE
	EndGlobalSection
	GlobalSection(ExtensibilityGlobals) = postSolution
		SolutionGuid = {1D09E217-517D-4776-9637-EE0E001E1345}
	EndGlobalSection
EndGlobal
